
Microsoft Visual Studio Solution File, Format Version 12.00
# Visual Studio Version 17
VisualStudioVersion = 17.2.32630.192
MinimumVisualStudioVersion = 10.0.40219.1
Project("{FAE04EC0-301F-11D3-BF4B-00C04F79EFBC}") = "locadoradeveiculo", "locadoradeveiculo.csproj", "{5D359DA2-F002-4658-9E4D-3A957719CE7E}"
EndProject
Project("{2150E333-8FDC-42A3-9474-1A3956D46DE8}") = "Luvancar", "Luvancar", "{3647D4E5-1CBA-4CC8-806D-150A1F58DE8C}"
EndProject
Project("{FAE04EC0-301F-11D3-BF4B-00C04F79EFBC}") = "Model", "..\Model\Model.csproj", "{7F08185E-247D-4956-A0EA-51BA18FF0CFF}"
EndProject
Project("{FAE04EC0-301F-11D3-BF4B-00C04F79EFBC}") = "BLL", "..\BLL\BLL.csproj", "{E477660A-511D-4C07-8702-C6A84DFCAF90}"
EndProject
Global
	GlobalSection(SolutionConfigurationPlatforms) = preSolution
		Debug|Any CPU = Debug|Any CPU
		Release|Any CPU = Release|Any CPU
	EndGlobalSection
	GlobalSection(ProjectConfigurationPlatforms) = postSolution
		{5D359DA2-F002-4658-9E4D-3A957719CE7E}.Debug|Any CPU.ActiveCfg = Debug|Any CPU
		{5D359DA2-F002-4658-9E4D-3A957719CE7E}.Debug|Any CPU.Build.0 = Debug|Any CPU
		{5D359DA2-F002-4658-9E4D-3A957719CE7E}.Release|Any CPU.ActiveCfg = Release|Any CPU
		{5D359DA2-F002-4658-9E4D-3A957719CE7E}.Release|Any CPU.Build.0 = Release|Any CPU
		{7F08185E-247D-4956-A0EA-51BA18FF0CFF}.Debug|Any CPU.ActiveCfg = Debug|Any CPU
		{7F08185E-247D-4956-A0EA-51BA18FF0CFF}.Debug|Any CPU.Build.0 = Debug|Any CPU
		{7F08185E-247D-4956-A0EA-51BA18FF0CFF}.Release|Any CPU.ActiveCfg = Release|Any CPU
		{7F08185E-247D-4956-A0EA-51BA18FF0CFF}.Release|Any CPU.Build.0 = Release|Any CPU
		{E477660A-511D-4C07-8702-C6A84DFCAF90}.Debug|Any CPU.ActiveCfg = Debug|Any CPU
		{E477660A-511D-4C07-8702-C6A84DFCAF90}.Debug|Any CPU.Build.0 = Debug|Any CPU
		{E477660A-511D-4C07-8702-C6A84DFCAF90}.Release|Any CPU.ActiveCfg = Release|Any CPU
		{E477660A-511D-4C07-8702-C6A84DFCAF90}.Release|Any CPU.Build.0 = Release|Any CPU
	EndGlobalSection
	GlobalSection(SolutionProperties) = preSolution
		HideSolutionNode = FALSE
	EndGlobalSection
	GlobalSection(NestedProjects) = preSolution
		{5D359DA2-F002-4658-9E4D-3A957719CE7E} = {3647D4E5-1CBA-4CC8-806D-150A1F58DE8C}
		{7F08185E-247D-4956-A0EA-51BA18FF0CFF} = {3647D4E5-1CBA-4CC8-806D-150A1F58DE8C}
		{E477660A-511D-4C07-8702-C6A84DFCAF90} = {3647D4E5-1CBA-4CC8-806D-150A1F58DE8C}
	EndGlobalSection
	GlobalSection(ExtensibilityGlobals) = postSolution
		SolutionGuid = {E2D137B2-5125-44AD-9AF1-E2E637F609F2}
	EndGlobalSection
EndGlobal
